
Microsoft Visual Studio Solution File, Format Version 12.00
# Visual Studio Version 16
VisualStudioVersion = 16.0.29201.188
MinimumVisualStudioVersion = 10.0.40219.1
Project("{FAE04EC0-301F-11D3-BF4B-00C04F79EFBC}") = "LR_№6_NaumovNV", "LR_№6_NaumovNV\LR_№6_NaumovNV.csproj", "{66F6046A-D55E-4818-A1C2-933E0E400856}"
EndProject
Global
	GlobalSection(SolutionConfigurationPlatforms) = preSolution
		Debug|Any CPU = Debug|Any CPU
		Release|Any CPU = Release|Any CPU
	EndGlobalSection
	GlobalSection(ProjectConfigurationPlatforms) = postSolution
		{66F6046A-D55E-4818-A1C2-933E0E400856}.Debug|Any CPU.ActiveCfg = Debug|Any CPU
		{66F6046A-D55E-4818-A1C2-933E0E400856}.Debug|Any CPU.Build.0 = Debug|Any CPU
		{66F6046A-D55E-4818-A1C2-933E0E400856}.Release|Any CPU.ActiveCfg = Release|Any CPU
		{66F6046A-D55E-4818-A1C2-933E0E400856}.Release|Any CPU.Build.0 = Release|Any CPU
	EndGlobalSection
	GlobalSection(SolutionProperties) = preSolution
		HideSolutionNode = FALSE
	EndGlobalSection
	GlobalSection(ExtensibilityGlobals) = postSolution
		SolutionGuid = {620B395F-0DCD-4308-91CA-3637AC6E88F7}
	EndGlobalSection
EndGlobal
